
Microsoft Visual Studio Solution File, Format Version 11.00
# Visual Studio 2010
Project("{FAE04EC0-301F-11D3-BF4B-00C04F79EFBC}") = "Sample.Model", "src\Sample.Model\Sample.Model.csproj", "{871BBFA3-98EE-476E-B034-68C1ED55D7ED}"
EndProject
Project("{FAE04EC0-301F-11D3-BF4B-00C04F79EFBC}") = "Sample.UI.HelloWorld", "src\Sample.UI.HelloWorld\Sample.UI.HelloWorld.csproj", "{E8EC1030-40D3-4352-A4DF-D68DB7CD16C2}"
EndProject
Project("{2150E333-8FDC-42A3-9474-1A3956D46DE8}") = "Solution Items", "Solution Items", "{00435B33-A125-400E-8796-282670947073}"
EndProject
Project("{FAE04EC0-301F-11D3-BF4B-00C04F79EFBC}") = "Sample.Framework.DI", "src\Sample.Framework.DI\Sample.Framework.DI.csproj", "{0B483F0C-173C-4C0A-A516-CB87254CBD49}"
EndProject
Project("{FAE04EC0-301F-11D3-BF4B-00C04F79EFBC}") = "Sample.Presenter", "src\Sample.Presenter\Sample.Presenter.csproj", "{633DF9C0-74F5-49C4-B145-8014741BBE86}"
EndProject
Project("{2150E333-8FDC-42A3-9474-1A3956D46DE8}") = "tests", "tests", "{59D30CC2-F575-4761-8ED3-F3D3214EC677}"
EndProject
Project("{2150E333-8FDC-42A3-9474-1A3956D46DE8}") = "src", "src", "{99B63F7C-8F41-41B1-BD68-35A431C9F1CB}"
EndProject
Project("{FAE04EC0-301F-11D3-BF4B-00C04F79EFBC}") = "Sample.Framework.DI.Test", "test\Sample.Framework.DI.Test\Sample.Framework.DI.Test.csproj", "{9F184459-BF69-4ECB-A386-4E9EC7827F68}"
EndProject
Global
	GlobalSection(SolutionConfigurationPlatforms) = preSolution
		Ad-Hoc|Any CPU = Ad-Hoc|Any CPU
		Ad-Hoc|iPhone = Ad-Hoc|iPhone
		Ad-Hoc|iPhoneSimulator = Ad-Hoc|iPhoneSimulator
		Ad-Hoc|Mixed Platforms = Ad-Hoc|Mixed Platforms
		Ad-Hoc|x86 = Ad-Hoc|x86
		AppStore|Any CPU = AppStore|Any CPU
		AppStore|iPhone = AppStore|iPhone
		AppStore|iPhoneSimulator = AppStore|iPhoneSimulator
		AppStore|Mixed Platforms = AppStore|Mixed Platforms
		AppStore|x86 = AppStore|x86
		Debug|Any CPU = Debug|Any CPU
		Debug|iPhone = Debug|iPhone
		Debug|iPhoneSimulator = Debug|iPhoneSimulator
		Debug|Mixed Platforms = Debug|Mixed Platforms
		Debug|x86 = Debug|x86
		Release|Any CPU = Release|Any CPU
		Release|iPhone = Release|iPhone
		Release|iPhoneSimulator = Release|iPhoneSimulator
		Release|Mixed Platforms = Release|Mixed Platforms
		Release|x86 = Release|x86
	EndGlobalSection
	GlobalSection(ProjectConfigurationPlatforms) = postSolution
		{871BBFA3-98EE-476E-B034-68C1ED55D7ED}.Ad-Hoc|Any CPU.ActiveCfg = Release|Any CPU
		{871BBFA3-98EE-476E-B034-68C1ED55D7ED}.Ad-Hoc|Any CPU.Build.0 = Release|Any CPU
		{871BBFA3-98EE-476E-B034-68C1ED55D7ED}.Ad-Hoc|iPhone.ActiveCfg = Release|Any CPU
		{871BBFA3-98EE-476E-B034-68C1ED55D7ED}.Ad-Hoc|iPhoneSimulator.ActiveCfg = Release|Any CPU
		{871BBFA3-98EE-476E-B034-68C1ED55D7ED}.Ad-Hoc|Mixed Platforms.ActiveCfg = Release|Any CPU
		{871BBFA3-98EE-476E-B034-68C1ED55D7ED}.Ad-Hoc|Mixed Platforms.Build.0 = Release|Any CPU
		{871BBFA3-98EE-476E-B034-68C1ED55D7ED}.Ad-Hoc|x86.ActiveCfg = Debug|Any CPU
		{871BBFA3-98EE-476E-B034-68C1ED55D7ED}.AppStore|Any CPU.ActiveCfg = Release|Any CPU
		{871BBFA3-98EE-476E-B034-68C1ED55D7ED}.AppStore|Any CPU.Build.0 = Release|Any CPU
		{871BBFA3-98EE-476E-B034-68C1ED55D7ED}.AppStore|iPhone.ActiveCfg = Release|Any CPU
		{871BBFA3-98EE-476E-B034-68C1ED55D7ED}.AppStore|iPhoneSimulator.ActiveCfg = Release|Any CPU
		{871BBFA3-98EE-476E-B034-68C1ED55D7ED}.AppStore|Mixed Platforms.ActiveCfg = Release|Any CPU
		{871BBFA3-98EE-476E-B034-68C1ED55D7ED}.AppStore|Mixed Platforms.Build.0 = Release|Any CPU
		{871BBFA3-98EE-476E-B034-68C1ED55D7ED}.AppStore|x86.ActiveCfg = Debug|Any CPU
		{871BBFA3-98EE-476E-B034-68C1ED55D7ED}.Debug|Any CPU.ActiveCfg = Debug|Any CPU
		{871BBFA3-98EE-476E-B034-68C1ED55D7ED}.Debug|Any CPU.Build.0 = Debug|Any CPU
		{871BBFA3-98EE-476E-B034-68C1ED55D7ED}.Debug|iPhone.ActiveCfg = Debug|Any CPU
		{871BBFA3-98EE-476E-B034-68C1ED55D7ED}.Debug|iPhoneSimulator.ActiveCfg = Debug|Any CPU
		{871BBFA3-98EE-476E-B034-68C1ED55D7ED}.Debug|iPhoneSimulator.Build.0 = Debug|Any CPU
		{871BBFA3-98EE-476E-B034-68C1ED55D7ED}.Debug|Mixed Platforms.ActiveCfg = Debug|Any CPU
		{871BBFA3-98EE-476E-B034-68C1ED55D7ED}.Debug|Mixed Platforms.Build.0 = Debug|Any CPU
		{871BBFA3-98EE-476E-B034-68C1ED55D7ED}.Debug|x86.ActiveCfg = Debug|Any CPU
		{871BBFA3-98EE-476E-B034-68C1ED55D7ED}.Release|Any CPU.ActiveCfg = Release|Any CPU
		{871BBFA3-98EE-476E-B034-68C1ED55D7ED}.Release|Any CPU.Build.0 = Release|Any CPU
		{871BBFA3-98EE-476E-B034-68C1ED55D7ED}.Release|iPhone.ActiveCfg = Release|Any CPU
		{871BBFA3-98EE-476E-B034-68C1ED55D7ED}.Release|iPhoneSimulator.ActiveCfg = Release|Any CPU
		{871BBFA3-98EE-476E-B034-68C1ED55D7ED}.Release|Mixed Platforms.ActiveCfg = Release|Any CPU
		{871BBFA3-98EE-476E-B034-68C1ED55D7ED}.Release|Mixed Platforms.Build.0 = Release|Any CPU
		{871BBFA3-98EE-476E-B034-68C1ED55D7ED}.Release|x86.ActiveCfg = Release|Any CPU
		{E8EC1030-40D3-4352-A4DF-D68DB7CD16C2}.Ad-Hoc|Any CPU.ActiveCfg = Ad-Hoc|iPhone
		{E8EC1030-40D3-4352-A4DF-D68DB7CD16C2}.Ad-Hoc|iPhone.ActiveCfg = Ad-Hoc|iPhone
		{E8EC1030-40D3-4352-A4DF-D68DB7CD16C2}.Ad-Hoc|iPhone.Build.0 = Ad-Hoc|iPhone
		{E8EC1030-40D3-4352-A4DF-D68DB7CD16C2}.Ad-Hoc|iPhoneSimulator.ActiveCfg = Ad-Hoc|iPhoneSimulator
		{E8EC1030-40D3-4352-A4DF-D68DB7CD16C2}.Ad-Hoc|iPhoneSimulator.Build.0 = Ad-Hoc|iPhoneSimulator
		{E8EC1030-40D3-4352-A4DF-D68DB7CD16C2}.Ad-Hoc|Mixed Platforms.ActiveCfg = Ad-Hoc|iPhone
		{E8EC1030-40D3-4352-A4DF-D68DB7CD16C2}.Ad-Hoc|Mixed Platforms.Build.0 = Ad-Hoc|iPhone
		{E8EC1030-40D3-4352-A4DF-D68DB7CD16C2}.Ad-Hoc|x86.ActiveCfg = Ad-Hoc|iPhoneSimulator
		{E8EC1030-40D3-4352-A4DF-D68DB7CD16C2}.AppStore|Any CPU.ActiveCfg = AppStore|iPhone
		{E8EC1030-40D3-4352-A4DF-D68DB7CD16C2}.AppStore|iPhone.ActiveCfg = AppStore|iPhone
		{E8EC1030-40D3-4352-A4DF-D68DB7CD16C2}.AppStore|iPhone.Build.0 = AppStore|iPhone
		{E8EC1030-40D3-4352-A4DF-D68DB7CD16C2}.AppStore|iPhoneSimulator.ActiveCfg = AppStore|iPhoneSimulator
		{E8EC1030-40D3-4352-A4DF-D68DB7CD16C2}.AppStore|iPhoneSimulator.Build.0 = AppStore|iPhoneSimulator
		{E8EC1030-40D3-4352-A4DF-D68DB7CD16C2}.AppStore|Mixed Platforms.ActiveCfg = AppStore|iPhone
		{E8EC1030-40D3-4352-A4DF-D68DB7CD16C2}.AppStore|Mixed Platforms.Build.0 = AppStore|iPhone
		{E8EC1030-40D3-4352-A4DF-D68DB7CD16C2}.AppStore|x86.ActiveCfg = AppStore|iPhoneSimulator
		{E8EC1030-40D3-4352-A4DF-D68DB7CD16C2}.Debug|Any CPU.ActiveCfg = Debug|iPhone
		{E8EC1030-40D3-4352-A4DF-D68DB7CD16C2}.Debug|iPhone.ActiveCfg = Debug|iPhone
		{E8EC1030-40D3-4352-A4DF-D68DB7CD16C2}.Debug|iPhone.Build.0 = Debug|iPhone
		{E8EC1030-40D3-4352-A4DF-D68DB7CD16C2}.Debug|iPhoneSimulator.ActiveCfg = Debug|iPhoneSimulator
		{E8EC1030-40D3-4352-A4DF-D68DB7CD16C2}.Debug|Mixed Platforms.ActiveCfg = Debug|iPhone
		{E8EC1030-40D3-4352-A4DF-D68DB7CD16C2}.Debug|Mixed Platforms.Build.0 = Debug|iPhone
		{E8EC1030-40D3-4352-A4DF-D68DB7CD16C2}.Debug|x86.ActiveCfg = Debug|iPhoneSimulator
		{E8EC1030-40D3-4352-A4DF-D68DB7CD16C2}.Release|Any CPU.ActiveCfg = Release|iPhone
		{E8EC1030-40D3-4352-A4DF-D68DB7CD16C2}.Release|iPhone.ActiveCfg = Release|iPhone
		{E8EC1030-40D3-4352-A4DF-D68DB7CD16C2}.Release|iPhone.Build.0 = Release|iPhone
		{E8EC1030-40D3-4352-A4DF-D68DB7CD16C2}.Release|iPhoneSimulator.ActiveCfg = Release|iPhoneSimulator
		{E8EC1030-40D3-4352-A4DF-D68DB7CD16C2}.Release|iPhoneSimulator.Build.0 = Release|iPhoneSimulator
		{E8EC1030-40D3-4352-A4DF-D68DB7CD16C2}.Release|Mixed Platforms.ActiveCfg = Release|iPhone
		{E8EC1030-40D3-4352-A4DF-D68DB7CD16C2}.Release|Mixed Platforms.Build.0 = Release|iPhone
		{E8EC1030-40D3-4352-A4DF-D68DB7CD16C2}.Release|x86.ActiveCfg = Release|iPhoneSimulator
		{0B483F0C-173C-4C0A-A516-CB87254CBD49}.Ad-Hoc|Any CPU.ActiveCfg = Release|Any CPU
		{0B483F0C-173C-4C0A-A516-CB87254CBD49}.Ad-Hoc|Any CPU.Build.0 = Release|Any CPU
		{0B483F0C-173C-4C0A-A516-CB87254CBD49}.Ad-Hoc|iPhone.ActiveCfg = Release|Any CPU
		{0B483F0C-173C-4C0A-A516-CB87254CBD49}.Ad-Hoc|iPhoneSimulator.ActiveCfg = Release|Any CPU
		{0B483F0C-173C-4C0A-A516-CB87254CBD49}.Ad-Hoc|Mixed Platforms.ActiveCfg = Release|Any CPU
		{0B483F0C-173C-4C0A-A516-CB87254CBD49}.Ad-Hoc|Mixed Platforms.Build.0 = Release|Any CPU
		{0B483F0C-173C-4C0A-A516-CB87254CBD49}.Ad-Hoc|x86.ActiveCfg = Release|Any CPU
		{0B483F0C-173C-4C0A-A516-CB87254CBD49}.AppStore|Any CPU.ActiveCfg = Release|Any CPU
		{0B483F0C-173C-4C0A-A516-CB87254CBD49}.AppStore|Any CPU.Build.0 = Release|Any CPU
		{0B483F0C-173C-4C0A-A516-CB87254CBD49}.AppStore|iPhone.ActiveCfg = Release|Any CPU
		{0B483F0C-173C-4C0A-A516-CB87254CBD49}.AppStore|iPhoneSimulator.ActiveCfg = Release|Any CPU
		{0B483F0C-173C-4C0A-A516-CB87254CBD49}.AppStore|Mixed Platforms.ActiveCfg = Release|Any CPU
		{0B483F0C-173C-4C0A-A516-CB87254CBD49}.AppStore|Mixed Platforms.Build.0 = Release|Any CPU
		{0B483F0C-173C-4C0A-A516-CB87254CBD49}.AppStore|x86.ActiveCfg = Release|Any CPU
		{0B483F0C-173C-4C0A-A516-CB87254CBD49}.Debug|Any CPU.ActiveCfg = Debug|Any CPU
		{0B483F0C-173C-4C0A-A516-CB87254CBD49}.Debug|Any CPU.Build.0 = Debug|Any CPU
		{0B483F0C-173C-4C0A-A516-CB87254CBD49}.Debug|iPhone.ActiveCfg = Debug|Any CPU
		{0B483F0C-173C-4C0A-A516-CB87254CBD49}.Debug|iPhoneSimulator.ActiveCfg = Debug|Any CPU
		{0B483F0C-173C-4C0A-A516-CB87254CBD49}.Debug|iPhoneSimulator.Build.0 = Debug|Any CPU
		{0B483F0C-173C-4C0A-A516-CB87254CBD49}.Debug|Mixed Platforms.ActiveCfg = Debug|Any CPU
		{0B483F0C-173C-4C0A-A516-CB87254CBD49}.Debug|Mixed Platforms.Build.0 = Debug|Any CPU
		{0B483F0C-173C-4C0A-A516-CB87254CBD49}.Debug|x86.ActiveCfg = Debug|Any CPU
		{0B483F0C-173C-4C0A-A516-CB87254CBD49}.Release|Any CPU.ActiveCfg = Release|Any CPU
		{0B483F0C-173C-4C0A-A516-CB87254CBD49}.Release|Any CPU.Build.0 = Release|Any CPU
		{0B483F0C-173C-4C0A-A516-CB87254CBD49}.Release|iPhone.ActiveCfg = Release|Any CPU
		{0B483F0C-173C-4C0A-A516-CB87254CBD49}.Release|iPhoneSimulator.ActiveCfg = Release|Any CPU
		{0B483F0C-173C-4C0A-A516-CB87254CBD49}.Release|Mixed Platforms.ActiveCfg = Release|Any CPU
		{0B483F0C-173C-4C0A-A516-CB87254CBD49}.Release|Mixed Platforms.Build.0 = Release|Any CPU
		{0B483F0C-173C-4C0A-A516-CB87254CBD49}.Release|x86.ActiveCfg = Release|Any CPU
		{633DF9C0-74F5-49C4-B145-8014741BBE86}.Ad-Hoc|Any CPU.ActiveCfg = Release|Any CPU
		{633DF9C0-74F5-49C4-B145-8014741BBE86}.Ad-Hoc|Any CPU.Build.0 = Release|Any CPU
		{633DF9C0-74F5-49C4-B145-8014741BBE86}.Ad-Hoc|iPhone.ActiveCfg = Release|Any CPU
		{633DF9C0-74F5-49C4-B145-8014741BBE86}.Ad-Hoc|iPhoneSimulator.ActiveCfg = Release|Any CPU
		{633DF9C0-74F5-49C4-B145-8014741BBE86}.Ad-Hoc|Mixed Platforms.ActiveCfg = Release|Any CPU
		{633DF9C0-74F5-49C4-B145-8014741BBE86}.Ad-Hoc|Mixed Platforms.Build.0 = Release|Any CPU
		{633DF9C0-74F5-49C4-B145-8014741BBE86}.Ad-Hoc|x86.ActiveCfg = Release|Any CPU
		{633DF9C0-74F5-49C4-B145-8014741BBE86}.AppStore|Any CPU.ActiveCfg = Release|Any CPU
		{633DF9C0-74F5-49C4-B145-8014741BBE86}.AppStore|Any CPU.Build.0 = Release|Any CPU
		{633DF9C0-74F5-49C4-B145-8014741BBE86}.AppStore|iPhone.ActiveCfg = Release|Any CPU
		{633DF9C0-74F5-49C4-B145-8014741BBE86}.AppStore|iPhoneSimulator.ActiveCfg = Release|Any CPU
		{633DF9C0-74F5-49C4-B145-8014741BBE86}.AppStore|Mixed Platforms.ActiveCfg = Release|Any CPU
		{633DF9C0-74F5-49C4-B145-8014741BBE86}.AppStore|Mixed Platforms.Build.0 = Release|Any CPU
		{633DF9C0-74F5-49C4-B145-8014741BBE86}.AppStore|x86.ActiveCfg = Release|Any CPU
		{633DF9C0-74F5-49C4-B145-8014741BBE86}.Debug|Any CPU.ActiveCfg = Debug|Any CPU
		{633DF9C0-74F5-49C4-B145-8014741BBE86}.Debug|Any CPU.Build.0 = Debug|Any CPU
		{633DF9C0-74F5-49C4-B145-8014741BBE86}.Debug|iPhone.ActiveCfg = Debug|Any CPU
		{633DF9C0-74F5-49C4-B145-8014741BBE86}.Debug|iPhoneSimulator.ActiveCfg = Debug|Any CPU
		{633DF9C0-74F5-49C4-B145-8014741BBE86}.Debug|iPhoneSimulator.Build.0 = Debug|Any CPU
		{633DF9C0-74F5-49C4-B145-8014741BBE86}.Debug|Mixed Platforms.ActiveCfg = Debug|Any CPU
		{633DF9C0-74F5-49C4-B145-8014741BBE86}.Debug|Mixed Platforms.Build.0 = Debug|Any CPU
		{633DF9C0-74F5-49C4-B145-8014741BBE86}.Debug|x86.ActiveCfg = Debug|Any CPU
		{633DF9C0-74F5-49C4-B145-8014741BBE86}.Release|Any CPU.ActiveCfg = Release|Any CPU
		{633DF9C0-74F5-49C4-B145-8014741BBE86}.Release|Any CPU.Build.0 = Release|Any CPU
		{633DF9C0-74F5-49C4-B145-8014741BBE86}.Release|iPhone.ActiveCfg = Release|Any CPU
		{633DF9C0-74F5-49C4-B145-8014741BBE86}.Release|iPhoneSimulator.ActiveCfg = Release|Any CPU
		{633DF9C0-74F5-49C4-B145-8014741BBE86}.Release|Mixed Platforms.ActiveCfg = Release|Any CPU
		{633DF9C0-74F5-49C4-B145-8014741BBE86}.Release|Mixed Platforms.Build.0 = Release|Any CPU
		{633DF9C0-74F5-49C4-B145-8014741BBE86}.Release|x86.ActiveCfg = Release|Any CPU
		{9F184459-BF69-4ECB-A386-4E9EC7827F68}.Ad-Hoc|Any CPU.ActiveCfg = Release|Any CPU
		{9F184459-BF69-4ECB-A386-4E9EC7827F68}.Ad-Hoc|Any CPU.Build.0 = Release|Any CPU
		{9F184459-BF69-4ECB-A386-4E9EC7827F68}.Ad-Hoc|iPhone.ActiveCfg = Release|Any CPU
		{9F184459-BF69-4ECB-A386-4E9EC7827F68}.Ad-Hoc|iPhoneSimulator.ActiveCfg = Release|Any CPU
		{9F184459-BF69-4ECB-A386-4E9EC7827F68}.Ad-Hoc|Mixed Platforms.ActiveCfg = Release|Any CPU
		{9F184459-BF69-4ECB-A386-4E9EC7827F68}.Ad-Hoc|Mixed Platforms.Build.0 = Release|Any CPU
		{9F184459-BF69-4ECB-A386-4E9EC7827F68}.Ad-Hoc|x86.ActiveCfg = Release|Any CPU
		{9F184459-BF69-4ECB-A386-4E9EC7827F68}.AppStore|Any CPU.ActiveCfg = Release|Any CPU
		{9F184459-BF69-4ECB-A386-4E9EC7827F68}.AppStore|Any CPU.Build.0 = Release|Any CPU
		{9F184459-BF69-4ECB-A386-4E9EC7827F68}.AppStore|iPhone.ActiveCfg = Release|Any CPU
		{9F184459-BF69-4ECB-A386-4E9EC7827F68}.AppStore|iPhoneSimulator.ActiveCfg = Release|Any CPU
		{9F184459-BF69-4ECB-A386-4E9EC7827F68}.AppStore|Mixed Platforms.ActiveCfg = Release|Any CPU
		{9F184459-BF69-4ECB-A386-4E9EC7827F68}.AppStore|Mixed Platforms.Build.0 = Release|Any CPU
		{9F184459-BF69-4ECB-A386-4E9EC7827F68}.AppStore|x86.ActiveCfg = Release|Any CPU
		{9F184459-BF69-4ECB-A386-4E9EC7827F68}.Debug|Any CPU.ActiveCfg = Debug|Any CPU
		{9F184459-BF69-4ECB-A386-4E9EC7827F68}.Debug|Any CPU.Build.0 = Debug|Any CPU
		{9F184459-BF69-4ECB-A386-4E9EC7827F68}.Debug|iPhone.ActiveCfg = Debug|Any CPU
		{9F184459-BF69-4ECB-A386-4E9EC7827F68}.Debug|iPhoneSimulator.ActiveCfg = Debug|Any CPU
		{9F184459-BF69-4ECB-A386-4E9EC7827F68}.Debug|iPhoneSimulator.Build.0 = Debug|Any CPU
		{9F184459-BF69-4ECB-A386-4E9EC7827F68}.Debug|Mixed Platforms.ActiveCfg = Debug|Any CPU
		{9F184459-BF69-4ECB-A386-4E9EC7827F68}.Debug|Mixed Platforms.Build.0 = Debug|Any CPU
		{9F184459-BF69-4ECB-A386-4E9EC7827F68}.Debug|x86.ActiveCfg = Debug|Any CPU
		{9F184459-BF69-4ECB-A386-4E9EC7827F68}.Release|Any CPU.ActiveCfg = Release|Any CPU
		{9F184459-BF69-4ECB-A386-4E9EC7827F68}.Release|Any CPU.Build.0 = Release|Any CPU
		{9F184459-BF69-4ECB-A386-4E9EC7827F68}.Release|iPhone.ActiveCfg = Release|Any CPU
		{9F184459-BF69-4ECB-A386-4E9EC7827F68}.Release|iPhoneSimulator.ActiveCfg = Release|Any CPU
		{9F184459-BF69-4ECB-A386-4E9EC7827F68}.Release|Mixed Platforms.ActiveCfg = Release|Any CPU
		{9F184459-BF69-4ECB-A386-4E9EC7827F68}.Release|Mixed Platforms.Build.0 = Release|Any CPU
		{9F184459-BF69-4ECB-A386-4E9EC7827F68}.Release|x86.ActiveCfg = Release|Any CPU
	EndGlobalSection
	GlobalSection(SolutionProperties) = preSolution
		HideSolutionNode = FALSE
	EndGlobalSection
	GlobalSection(NestedProjects) = preSolution
		{9F184459-BF69-4ECB-A386-4E9EC7827F68} = {59D30CC2-F575-4761-8ED3-F3D3214EC677}
		{E8EC1030-40D3-4352-A4DF-D68DB7CD16C2} = {99B63F7C-8F41-41B1-BD68-35A431C9F1CB}
		{0B483F0C-173C-4C0A-A516-CB87254CBD49} = {99B63F7C-8F41-41B1-BD68-35A431C9F1CB}
		{871BBFA3-98EE-476E-B034-68C1ED55D7ED} = {99B63F7C-8F41-41B1-BD68-35A431C9F1CB}
		{633DF9C0-74F5-49C4-B145-8014741BBE86} = {99B63F7C-8F41-41B1-BD68-35A431C9F1CB}
	EndGlobalSection
EndGlobal
